// !$*UTF8*$!
{
	archiveVersion = 1;
	classes = {
	};
	objectVersion = 70;
	objects = {

/* Begin PBXBuildFile section */
		4C0E95C82DCD2B3300FE5286 /* CoreDataHelpers.swift in Sources */ = {isa = PBXBuildFile; fileRef = 4C0E95C72DCD2B3300FE5286 /* CoreDataHelpers.swift */; };
		4C0E95CA2DCD2C0200FE5286 /* ManagedCache.swift in Sources */ = {isa = PBXBuildFile; fileRef = 4C0E95C92DCD2C0200FE5286 /* ManagedCache.swift */; };
		4C0E95CC2DCD2C2900FE5286 /* ManagedFeedImage.swift in Sources */ = {isa = PBXBuildFile; fileRef = 4C0E95CB2DCD2C2900FE5286 /* ManagedFeedImage.swift */; };
		4C0E95D52DCD3EAB00FE5286 /* EssentialFeed.framework in Frameworks */ = {isa = PBXBuildFile; fileRef = 4CF1728A2C6E5920002FAEE9 /* EssentialFeed.framework */; };
		4C0E95DC2DCD425700FE5286 /* XCTTestCase+MemoryLeakTracking.swift in Sources */ = {isa = PBXBuildFile; fileRef = 4CF266C72D0F5BAC000FABD4 /* XCTTestCase+MemoryLeakTracking.swift */; };
		4C22797D2DC958E30050E159 /* FeedStoreSpecs.swift in Sources */ = {isa = PBXBuildFile; fileRef = 4C22797C2DC958E30050E159 /* FeedStoreSpecs.swift */; };
		4C22797F2DC95B770050E159 /* XCTestCase+FeedStoreSpecs.swift in Sources */ = {isa = PBXBuildFile; fileRef = 4C22797E2DC95B770050E159 /* XCTestCase+FeedStoreSpecs.swift */; };
		4C3B1D872DBD8EFE003B20A7 /* LoadFeedFromCacheUseCaseTests.swift in Sources */ = {isa = PBXBuildFile; fileRef = 4C3B1D862DBD8EFE003B20A7 /* LoadFeedFromCacheUseCaseTests.swift */; };
		4C3B1D8A2DBD9078003B20A7 /* FeedStoreSpy.swift in Sources */ = {isa = PBXBuildFile; fileRef = 4C3B1D892DBD9078003B20A7 /* FeedStoreSpy.swift */; };
		4C6F197A2DCD63730058D221 /* FeedCacheTestHelpers.swift in Sources */ = {isa = PBXBuildFile; fileRef = 4CA8643C2DC177F100A6B9DC /* FeedCacheTestHelpers.swift */; };
		4C6F197B2DCD63810058D221 /* SharedTestHelpers.swift in Sources */ = {isa = PBXBuildFile; fileRef = 4CA8643E2DC178B900A6B9DC /* SharedTestHelpers.swift */; };
		4C6F37992E2D130D00B932C5 /* FeedPresenterTests.swift in Sources */ = {isa = PBXBuildFile; fileRef = 4C6F37982E2D130D00B932C5 /* FeedPresenterTests.swift */; };
		4C6F37A02E2D1FC500B932C5 /* FeedPresenter.swift in Sources */ = {isa = PBXBuildFile; fileRef = 4C6F379F2E2D1FC500B932C5 /* FeedPresenter.swift */; };
		4C6F37A12E2D20B600B932C5 /* Feed.strings in Resources */ = {isa = PBXBuildFile; fileRef = 4C6F379A2E2D1E4100B932C5 /* Feed.strings */; };
		4C6F37A32E2D215300B932C5 /* FeedViewModel.swift in Sources */ = {isa = PBXBuildFile; fileRef = 4C6F37A22E2D215300B932C5 /* FeedViewModel.swift */; };
		4C6F37A52E2D216200B932C5 /* FeedLoadingViewModel.swift in Sources */ = {isa = PBXBuildFile; fileRef = 4C6F37A42E2D216200B932C5 /* FeedLoadingViewModel.swift */; };
		4C6F37A72E2D217000B932C5 /* FeedErrorViewModel.swift in Sources */ = {isa = PBXBuildFile; fileRef = 4C6F37A62E2D217000B932C5 /* FeedErrorViewModel.swift */; };
		4C6F37A82E2D22FA00B932C5 /* FeedLocalizationTests.swift in Sources */ = {isa = PBXBuildFile; fileRef = 4C6F37642E2CFCF800B932C5 /* FeedLocalizationTests.swift */; };
		4C6F37AA2E2D8E5400B932C5 /* FeedImagePresenterTests.swift in Sources */ = {isa = PBXBuildFile; fileRef = 4C6F37A92E2D8E5400B932C5 /* FeedImagePresenterTests.swift */; };
		4C6F37AC2E2D941D00B932C5 /* FeedImagePresenter.swift in Sources */ = {isa = PBXBuildFile; fileRef = 4C6F37AB2E2D941900B932C5 /* FeedImagePresenter.swift */; };
		4C6F37AE2E2D94EE00B932C5 /* FeedImageViewModel.swift in Sources */ = {isa = PBXBuildFile; fileRef = 4C6F37AD2E2D94ED00B932C5 /* FeedImageViewModel.swift */; };
		4C7BF6872DC961A300F92036 /* XCTestCase+FailableRetrieveFeedStoreSpecs.swift in Sources */ = {isa = PBXBuildFile; fileRef = 4C7BF6862DC961A300F92036 /* XCTestCase+FailableRetrieveFeedStoreSpecs.swift */; };
		4C7BF6892DC961D900F92036 /* XCTestCase+FailableInsertFeedStoreSpecs.swift in Sources */ = {isa = PBXBuildFile; fileRef = 4C7BF6882DC961D900F92036 /* XCTestCase+FailableInsertFeedStoreSpecs.swift */; };
		4C7BF68B2DC9625300F92036 /* XCTestCase+FailableDeleteFeedStoreSpecs.swift in Sources */ = {isa = PBXBuildFile; fileRef = 4C7BF68A2DC9625300F92036 /* XCTestCase+FailableDeleteFeedStoreSpecs.swift */; };
		4C7BF6932DC96A0000F92036 /* CoreDataFeedStoreTests.swift in Sources */ = {isa = PBXBuildFile; fileRef = 4C7BF6922DC96A0000F92036 /* CoreDataFeedStoreTests.swift */; };
		4C7BF6952DC96ABD00F92036 /* CoreDataFeedStore.swift in Sources */ = {isa = PBXBuildFile; fileRef = 4C7BF6942DC96ABD00F92036 /* CoreDataFeedStore.swift */; };
		4C9B75712CB80E94008843E4 /* HTTPClient.swift in Sources */ = {isa = PBXBuildFile; fileRef = 4C9B75702CB80E94008843E4 /* HTTPClient.swift */; };
		4C9B75732CB80F7C008843E4 /* FeedItemsMapper.swift in Sources */ = {isa = PBXBuildFile; fileRef = 4C9B75722CB80F7C008843E4 /* FeedItemsMapper.swift */; };
		4C9B75762CD16A07008843E4 /* URLSessionHTTPClientTests.swift in Sources */ = {isa = PBXBuildFile; fileRef = 4C9B75752CD16A07008843E4 /* URLSessionHTTPClientTests.swift */; };
		4CA427F62E01E82300295A3A /* EssentialFeediOS.framework in Frameworks */ = {isa = PBXBuildFile; fileRef = 4CA427EB2E01E82300295A3A /* EssentialFeediOS.framework */; };
		4CA4281A2E035E0600295A3A /* EssentialFeed.framework in Frameworks */ = {isa = PBXBuildFile; fileRef = 4CF1728A2C6E5920002FAEE9 /* EssentialFeed.framework */; platformFilter = ios; };
		4CA4281B2E035E0600295A3A /* EssentialFeed.framework in Embed Frameworks */ = {isa = PBXBuildFile; fileRef = 4CF1728A2C6E5920002FAEE9 /* EssentialFeed.framework */; settings = {ATTRIBUTES = (CodeSignOnCopy, RemoveHeadersOnCopy, ); }; };
		4CA4281F2E035EF700295A3A /* XCTTestCase+MemoryLeakTracking.swift in Sources */ = {isa = PBXBuildFile; fileRef = 4CF266C72D0F5BAC000FABD4 /* XCTTestCase+MemoryLeakTracking.swift */; };
		4CA8643B2DC172E400A6B9DC /* ValidateFeedCacheUseCaseTests.swift in Sources */ = {isa = PBXBuildFile; fileRef = 4CA8643A2DC172E400A6B9DC /* ValidateFeedCacheUseCaseTests.swift */; };
		4CA8643D2DC177F100A6B9DC /* FeedCacheTestHelpers.swift in Sources */ = {isa = PBXBuildFile; fileRef = 4CA8643C2DC177F100A6B9DC /* FeedCacheTestHelpers.swift */; };
		4CA8643F2DC178B900A6B9DC /* SharedTestHelpers.swift in Sources */ = {isa = PBXBuildFile; fileRef = 4CA8643E2DC178B900A6B9DC /* SharedTestHelpers.swift */; };
		4CA864402DC178B900A6B9DC /* SharedTestHelpers.swift in Sources */ = {isa = PBXBuildFile; fileRef = 4CA8643E2DC178B900A6B9DC /* SharedTestHelpers.swift */; };
		4CA8EA302E300BF300873D05 /* RemoteFeedImageDataLoaderTests.swift in Sources */ = {isa = PBXBuildFile; fileRef = 4CA8EA2F2E300BF300873D05 /* RemoteFeedImageDataLoaderTests.swift */; };
		4CA8EA312E300EB600873D05 /* FeedImageDataLoader.swift in Sources */ = {isa = PBXBuildFile; fileRef = 4CA8E9F02E2E9DA100873D05 /* FeedImageDataLoader.swift */; };
		4CA8EA352E3024D500873D05 /* HTTPClientSpy.swift in Sources */ = {isa = PBXBuildFile; fileRef = 4CA8EA332E3023D100873D05 /* HTTPClientSpy.swift */; };
		4CA8EA372E30253A00873D05 /* RemoteFeedImageDataLoader.swift in Sources */ = {isa = PBXBuildFile; fileRef = 4CA8EA362E30253A00873D05 /* RemoteFeedImageDataLoader.swift */; };
		4CA8EAFE2E302AC000873D05 /* HTTPURLResponse+StatusCode.swift in Sources */ = {isa = PBXBuildFile; fileRef = 4CA8EAFD2E302AB600873D05 /* HTTPURLResponse+StatusCode.swift */; };
		4CCF61AB2C792940002549F4 /* RemoteFeedLoader.swift in Sources */ = {isa = PBXBuildFile; fileRef = 4CCF61AA2C792940002549F4 /* RemoteFeedLoader.swift */; };
		4CCF61AD2C7A27EF002549F4 /* LoadFeedFromRemoteUseCaseTests.swift in Sources */ = {isa = PBXBuildFile; fileRef = 4CCF61A72C791229002549F4 /* LoadFeedFromRemoteUseCaseTests.swift */; };
		4CDDEED92DBD832B004B9F36 /* RemoteFeedItem.swift in Sources */ = {isa = PBXBuildFile; fileRef = 4CDDEED82DBD832B004B9F36 /* RemoteFeedItem.swift */; };
		4CDDEEDB2DBD838C004B9F36 /* LocalFeedImage.swift in Sources */ = {isa = PBXBuildFile; fileRef = 4CDDEEDA2DBD838C004B9F36 /* LocalFeedImage.swift */; };
		4CE260992DCBDDD500CACA90 /* FeedStore.xcdatamodeld in Sources */ = {isa = PBXBuildFile; fileRef = 4CE260972DCBDDD500CACA90 /* FeedStore.xcdatamodeld */; };
		4CE99DB22D4968AE00157547 /* CacheFeedUseCaseTests.swift in Sources */ = {isa = PBXBuildFile; fileRef = 4CE99DB12D4968AE00157547 /* CacheFeedUseCaseTests.swift */; };
		4CE99DB52D4C0BF600157547 /* LocalFeedLoader.swift in Sources */ = {isa = PBXBuildFile; fileRef = 4CE99DB42D4C0BF600157547 /* LocalFeedLoader.swift */; };
		4CE99DB72D4C0C9C00157547 /* FeedStore.swift in Sources */ = {isa = PBXBuildFile; fileRef = 4CE99DB62D4C0C9C00157547 /* FeedStore.swift */; };
		4CF1728F2C6E5920002FAEE9 /* EssentialFeed.docc in Sources */ = {isa = PBXBuildFile; fileRef = 4CF1728E2C6E5920002FAEE9 /* EssentialFeed.docc */; };
		4CF172952C6E5920002FAEE9 /* EssentialFeed.framework in Frameworks */ = {isa = PBXBuildFile; fileRef = 4CF1728A2C6E5920002FAEE9 /* EssentialFeed.framework */; };
		4CF172A52C6E5A2B002FAEE9 /* FeedItem.swift in Sources */ = {isa = PBXBuildFile; fileRef = 4CF172A42C6E5A2B002FAEE9 /* FeedItem.swift */; };
		4CF172A72C6E5BB8002FAEE9 /* FeedLoader.swift in Sources */ = {isa = PBXBuildFile; fileRef = 4CF172A62C6E5BB8002FAEE9 /* FeedLoader.swift */; };
		4CF266C02D0F5383000FABD4 /* EssentialFeed.framework in Frameworks */ = {isa = PBXBuildFile; fileRef = 4CF1728A2C6E5920002FAEE9 /* EssentialFeed.framework */; };
		4CF266C82D0F5BAC000FABD4 /* XCTTestCase+MemoryLeakTracking.swift in Sources */ = {isa = PBXBuildFile; fileRef = 4CF266C72D0F5BAC000FABD4 /* XCTTestCase+MemoryLeakTracking.swift */; };
		4CF266CA2D0F6F3A000FABD4 /* URLSessionHTTPClient.swift in Sources */ = {isa = PBXBuildFile; fileRef = 4CF266C92D0F6F3A000FABD4 /* URLSessionHTTPClient.swift */; };
		4CF266CB2D10DB67000FABD4 /* XCTTestCase+MemoryLeakTracking.swift in Sources */ = {isa = PBXBuildFile; fileRef = 4CF266C72D0F5BAC000FABD4 /* XCTTestCase+MemoryLeakTracking.swift */; };
/* End PBXBuildFile section */

/* Begin PBXContainerItemProxy section */
		4C0E95D62DCD3EAB00FE5286 /* PBXContainerItemProxy */ = {
			isa = PBXContainerItemProxy;
			containerPortal = 4CF172812C6E5920002FAEE9 /* Project object */;
			proxyType = 1;
			remoteGlobalIDString = 4CF172892C6E5920002FAEE9;
			remoteInfo = EssentialFeed;
		};
		4CA427F72E01E82300295A3A /* PBXContainerItemProxy */ = {
			isa = PBXContainerItemProxy;
			containerPortal = 4CF172812C6E5920002FAEE9 /* Project object */;
			proxyType = 1;
			remoteGlobalIDString = 4CA427EA2E01E82300295A3A;
			remoteInfo = EssentialFeediOS;
		};
		4CA4281C2E035E0600295A3A /* PBXContainerItemProxy */ = {
			isa = PBXContainerItemProxy;
			containerPortal = 4CF172812C6E5920002FAEE9 /* Project object */;
			proxyType = 1;
			remoteGlobalIDString = 4CF172892C6E5920002FAEE9;
			remoteInfo = EssentialFeed;
		};
		4CF172962C6E5920002FAEE9 /* PBXContainerItemProxy */ = {
			isa = PBXContainerItemProxy;
			containerPortal = 4CF172812C6E5920002FAEE9 /* Project object */;
			proxyType = 1;
			remoteGlobalIDString = 4CF172892C6E5920002FAEE9;
			remoteInfo = EssentialFeed;
		};
		4CF266C12D0F5383000FABD4 /* PBXContainerItemProxy */ = {
			isa = PBXContainerItemProxy;
			containerPortal = 4CF172812C6E5920002FAEE9 /* Project object */;
			proxyType = 1;
			remoteGlobalIDString = 4CF172892C6E5920002FAEE9;
			remoteInfo = EssentialFeed;
		};
/* End PBXContainerItemProxy section */

/* Begin PBXCopyFilesBuildPhase section */
		4CA4281E2E035E0600295A3A /* Embed Frameworks */ = {
			isa = PBXCopyFilesBuildPhase;
			buildActionMask = 2147483647;
			dstPath = "";
			dstSubfolderSpec = 10;
			files = (
				4CA4281B2E035E0600295A3A /* EssentialFeed.framework in Embed Frameworks */,
			);
			name = "Embed Frameworks";
			runOnlyForDeploymentPostprocessing = 0;
		};
/* End PBXCopyFilesBuildPhase section */

/* Begin PBXFileReference section */
		4C0E95C72DCD2B3300FE5286 /* CoreDataHelpers.swift */ = {isa = PBXFileReference; lastKnownFileType = sourcecode.swift; path = CoreDataHelpers.swift; sourceTree = "<group>"; };
		4C0E95C92DCD2C0200FE5286 /* ManagedCache.swift */ = {isa = PBXFileReference; lastKnownFileType = sourcecode.swift; path = ManagedCache.swift; sourceTree = "<group>"; };
		4C0E95CB2DCD2C2900FE5286 /* ManagedFeedImage.swift */ = {isa = PBXFileReference; lastKnownFileType = sourcecode.swift; path = ManagedFeedImage.swift; sourceTree = "<group>"; };
		4C0E95D12DCD3EAB00FE5286 /* EssentialFeedCacheIntegrationTests.xctest */ = {isa = PBXFileReference; explicitFileType = wrapper.cfbundle; includeInIndex = 0; path = EssentialFeedCacheIntegrationTests.xctest; sourceTree = BUILT_PRODUCTS_DIR; };
		4C0E95DB2DCD3ED600FE5286 /* EssentialFeedCacheIntegrationTests.xctestplan */ = {isa = PBXFileReference; lastKnownFileType = text; path = EssentialFeedCacheIntegrationTests.xctestplan; sourceTree = "<group>"; };
		4C22797C2DC958E30050E159 /* FeedStoreSpecs.swift */ = {isa = PBXFileReference; lastKnownFileType = sourcecode.swift; path = FeedStoreSpecs.swift; sourceTree = "<group>"; };
		4C22797E2DC95B770050E159 /* XCTestCase+FeedStoreSpecs.swift */ = {isa = PBXFileReference; lastKnownFileType = sourcecode.swift; path = "XCTestCase+FeedStoreSpecs.swift"; sourceTree = "<group>"; };
		4C3B1D862DBD8EFE003B20A7 /* LoadFeedFromCacheUseCaseTests.swift */ = {isa = PBXFileReference; lastKnownFileType = sourcecode.swift; path = LoadFeedFromCacheUseCaseTests.swift; sourceTree = "<group>"; };
		4C3B1D892DBD9078003B20A7 /* FeedStoreSpy.swift */ = {isa = PBXFileReference; lastKnownFileType = sourcecode.swift; path = FeedStoreSpy.swift; sourceTree = "<group>"; };
		4C6F37642E2CFCF800B932C5 /* FeedLocalizationTests.swift */ = {isa = PBXFileReference; lastKnownFileType = sourcecode.swift; path = FeedLocalizationTests.swift; sourceTree = "<group>"; };
		4C6F37982E2D130D00B932C5 /* FeedPresenterTests.swift */ = {isa = PBXFileReference; lastKnownFileType = sourcecode.swift; path = FeedPresenterTests.swift; sourceTree = "<group>"; };
		4C6F379B2E2D1E4100B932C5 /* en */ = {isa = PBXFileReference; lastKnownFileType = text.plist.strings; name = en; path = en.lproj/Feed.strings; sourceTree = "<group>"; };
		4C6F379D2E2D1E5900B932C5 /* pt-BR */ = {isa = PBXFileReference; lastKnownFileType = text.plist.strings; name = "pt-BR"; path = "pt-BR.lproj/Feed.strings"; sourceTree = "<group>"; };
		4C6F379F2E2D1FC500B932C5 /* FeedPresenter.swift */ = {isa = PBXFileReference; lastKnownFileType = sourcecode.swift; path = FeedPresenter.swift; sourceTree = "<group>"; };
		4C6F37A22E2D215300B932C5 /* FeedViewModel.swift */ = {isa = PBXFileReference; lastKnownFileType = sourcecode.swift; path = FeedViewModel.swift; sourceTree = "<group>"; };
		4C6F37A42E2D216200B932C5 /* FeedLoadingViewModel.swift */ = {isa = PBXFileReference; lastKnownFileType = sourcecode.swift; path = FeedLoadingViewModel.swift; sourceTree = "<group>"; };
		4C6F37A62E2D217000B932C5 /* FeedErrorViewModel.swift */ = {isa = PBXFileReference; lastKnownFileType = sourcecode.swift; path = FeedErrorViewModel.swift; sourceTree = "<group>"; };
		4C6F37A92E2D8E5400B932C5 /* FeedImagePresenterTests.swift */ = {isa = PBXFileReference; lastKnownFileType = sourcecode.swift; path = FeedImagePresenterTests.swift; sourceTree = "<group>"; };
		4C6F37AB2E2D941900B932C5 /* FeedImagePresenter.swift */ = {isa = PBXFileReference; lastKnownFileType = sourcecode.swift; path = FeedImagePresenter.swift; sourceTree = "<group>"; };
		4C6F37AD2E2D94ED00B932C5 /* FeedImageViewModel.swift */ = {isa = PBXFileReference; lastKnownFileType = sourcecode.swift; path = FeedImageViewModel.swift; sourceTree = "<group>"; };
		4C7BF6862DC961A300F92036 /* XCTestCase+FailableRetrieveFeedStoreSpecs.swift */ = {isa = PBXFileReference; lastKnownFileType = sourcecode.swift; path = "XCTestCase+FailableRetrieveFeedStoreSpecs.swift"; sourceTree = "<group>"; };
		4C7BF6882DC961D900F92036 /* XCTestCase+FailableInsertFeedStoreSpecs.swift */ = {isa = PBXFileReference; lastKnownFileType = sourcecode.swift; path = "XCTestCase+FailableInsertFeedStoreSpecs.swift"; sourceTree = "<group>"; };
		4C7BF68A2DC9625300F92036 /* XCTestCase+FailableDeleteFeedStoreSpecs.swift */ = {isa = PBXFileReference; lastKnownFileType = sourcecode.swift; path = "XCTestCase+FailableDeleteFeedStoreSpecs.swift"; sourceTree = "<group>"; };
		4C7BF6922DC96A0000F92036 /* CoreDataFeedStoreTests.swift */ = {isa = PBXFileReference; lastKnownFileType = sourcecode.swift; path = CoreDataFeedStoreTests.swift; sourceTree = "<group>"; };
		4C7BF6942DC96ABD00F92036 /* CoreDataFeedStore.swift */ = {isa = PBXFileReference; lastKnownFileType = sourcecode.swift; path = CoreDataFeedStore.swift; sourceTree = "<group>"; };
		4C9B75702CB80E94008843E4 /* HTTPClient.swift */ = {isa = PBXFileReference; lastKnownFileType = sourcecode.swift; path = HTTPClient.swift; sourceTree = "<group>"; };
		4C9B75722CB80F7C008843E4 /* FeedItemsMapper.swift */ = {isa = PBXFileReference; lastKnownFileType = sourcecode.swift; path = FeedItemsMapper.swift; sourceTree = "<group>"; };
		4C9B75752CD16A07008843E4 /* URLSessionHTTPClientTests.swift */ = {isa = PBXFileReference; lastKnownFileType = sourcecode.swift; path = URLSessionHTTPClientTests.swift; sourceTree = "<group>"; };
		4CA427EB2E01E82300295A3A /* EssentialFeediOS.framework */ = {isa = PBXFileReference; explicitFileType = wrapper.framework; includeInIndex = 0; path = EssentialFeediOS.framework; sourceTree = BUILT_PRODUCTS_DIR; };
		4CA427F52E01E82300295A3A /* EssentialFeediOSTests.xctest */ = {isa = PBXFileReference; explicitFileType = wrapper.cfbundle; includeInIndex = 0; path = EssentialFeediOSTests.xctest; sourceTree = BUILT_PRODUCTS_DIR; };
		4CA428022E01EF9C00295A3A /* CI_iOS.xctestplan */ = {isa = PBXFileReference; lastKnownFileType = text; path = CI_iOS.xctestplan; sourceTree = "<group>"; };
		4CA8643A2DC172E400A6B9DC /* ValidateFeedCacheUseCaseTests.swift */ = {isa = PBXFileReference; lastKnownFileType = sourcecode.swift; path = ValidateFeedCacheUseCaseTests.swift; sourceTree = "<group>"; };
		4CA8643C2DC177F100A6B9DC /* FeedCacheTestHelpers.swift */ = {isa = PBXFileReference; lastKnownFileType = sourcecode.swift; path = FeedCacheTestHelpers.swift; sourceTree = "<group>"; };
		4CA8643E2DC178B900A6B9DC /* SharedTestHelpers.swift */ = {isa = PBXFileReference; lastKnownFileType = sourcecode.swift; path = SharedTestHelpers.swift; sourceTree = "<group>"; };
		4CA8E9F02E2E9DA100873D05 /* FeedImageDataLoader.swift */ = {isa = PBXFileReference; lastKnownFileType = sourcecode.swift; path = FeedImageDataLoader.swift; sourceTree = "<group>"; };
		4CA8EA2F2E300BF300873D05 /* RemoteFeedImageDataLoaderTests.swift */ = {isa = PBXFileReference; lastKnownFileType = sourcecode.swift; path = RemoteFeedImageDataLoaderTests.swift; sourceTree = "<group>"; };
		4CA8EA332E3023D100873D05 /* HTTPClientSpy.swift */ = {isa = PBXFileReference; lastKnownFileType = sourcecode.swift; path = HTTPClientSpy.swift; sourceTree = "<group>"; };
		4CA8EA362E30253A00873D05 /* RemoteFeedImageDataLoader.swift */ = {isa = PBXFileReference; lastKnownFileType = sourcecode.swift; path = RemoteFeedImageDataLoader.swift; sourceTree = "<group>"; };
		4CA8EAFD2E302AB600873D05 /* HTTPURLResponse+StatusCode.swift */ = {isa = PBXFileReference; lastKnownFileType = sourcecode.swift; path = "HTTPURLResponse+StatusCode.swift"; sourceTree = "<group>"; };
		4CCF61A72C791229002549F4 /* LoadFeedFromRemoteUseCaseTests.swift */ = {isa = PBXFileReference; lastKnownFileType = sourcecode.swift; path = LoadFeedFromRemoteUseCaseTests.swift; sourceTree = "<group>"; };
		4CCF61AA2C792940002549F4 /* RemoteFeedLoader.swift */ = {isa = PBXFileReference; lastKnownFileType = sourcecode.swift; path = RemoteFeedLoader.swift; sourceTree = "<group>"; };
		4CCF61AE2C7A9343002549F4 /* EssentialFeed.xctestplan */ = {isa = PBXFileReference; lastKnownFileType = text; path = EssentialFeed.xctestplan; sourceTree = "<group>"; };
		4CDDEED82DBD832B004B9F36 /* RemoteFeedItem.swift */ = {isa = PBXFileReference; lastKnownFileType = sourcecode.swift; path = RemoteFeedItem.swift; sourceTree = "<group>"; };
		4CDDEEDA2DBD838C004B9F36 /* LocalFeedImage.swift */ = {isa = PBXFileReference; lastKnownFileType = sourcecode.swift; path = LocalFeedImage.swift; sourceTree = "<group>"; };
		4CE260982DCBDDD500CACA90 /* FeedStore.xcdatamodel */ = {isa = PBXFileReference; lastKnownFileType = wrapper.xcdatamodel; path = FeedStore.xcdatamodel; sourceTree = "<group>"; };
		4CE99DB12D4968AE00157547 /* CacheFeedUseCaseTests.swift */ = {isa = PBXFileReference; lastKnownFileType = sourcecode.swift; path = CacheFeedUseCaseTests.swift; sourceTree = "<group>"; };
		4CE99DB42D4C0BF600157547 /* LocalFeedLoader.swift */ = {isa = PBXFileReference; lastKnownFileType = sourcecode.swift; path = LocalFeedLoader.swift; sourceTree = "<group>"; };
		4CE99DB62D4C0C9C00157547 /* FeedStore.swift */ = {isa = PBXFileReference; lastKnownFileType = sourcecode.swift; path = FeedStore.swift; sourceTree = "<group>"; };
		4CF1728A2C6E5920002FAEE9 /* EssentialFeed.framework */ = {isa = PBXFileReference; explicitFileType = wrapper.framework; includeInIndex = 0; path = EssentialFeed.framework; sourceTree = BUILT_PRODUCTS_DIR; };
		4CF1728E2C6E5920002FAEE9 /* EssentialFeed.docc */ = {isa = PBXFileReference; lastKnownFileType = folder.documentationcatalog; path = EssentialFeed.docc; sourceTree = "<group>"; };
		4CF172942C6E5920002FAEE9 /* EssentialFeedTests.xctest */ = {isa = PBXFileReference; explicitFileType = wrapper.cfbundle; includeInIndex = 0; path = EssentialFeedTests.xctest; sourceTree = BUILT_PRODUCTS_DIR; };
		4CF172A42C6E5A2B002FAEE9 /* FeedItem.swift */ = {isa = PBXFileReference; lastKnownFileType = sourcecode.swift; path = FeedItem.swift; sourceTree = "<group>"; };
		4CF172A62C6E5BB8002FAEE9 /* FeedLoader.swift */ = {isa = PBXFileReference; lastKnownFileType = sourcecode.swift; path = FeedLoader.swift; sourceTree = "<group>"; };
		4CF266BC2D0F5383000FABD4 /* EssentialFeedAPIEndToEndTests.xctest */ = {isa = PBXFileReference; explicitFileType = wrapper.cfbundle; includeInIndex = 0; path = EssentialFeedAPIEndToEndTests.xctest; sourceTree = BUILT_PRODUCTS_DIR; };
		4CF266C72D0F5BAC000FABD4 /* XCTTestCase+MemoryLeakTracking.swift */ = {isa = PBXFileReference; lastKnownFileType = sourcecode.swift; path = "XCTTestCase+MemoryLeakTracking.swift"; sourceTree = "<group>"; };
		4CF266C92D0F6F3A000FABD4 /* URLSessionHTTPClient.swift */ = {isa = PBXFileReference; lastKnownFileType = sourcecode.swift; path = URLSessionHTTPClient.swift; sourceTree = "<group>"; };
		4CF266CC2D10DD0C000FABD4 /* CI.xctestplan */ = {isa = PBXFileReference; lastKnownFileType = text; path = CI.xctestplan; sourceTree = "<group>"; };
/* End PBXFileReference section */

/* Begin PBXFileSystemSynchronizedRootGroup section */
		4C0E95D22DCD3EAB00FE5286 /* EssentialFeedCacheIntegrationTests */ = {isa = PBXFileSystemSynchronizedRootGroup; explicitFileTypes = {}; explicitFolders = (); path = EssentialFeedCacheIntegrationTests; sourceTree = "<group>"; };
		4CA427EC2E01E82300295A3A /* EssentialFeediOS */ = {isa = PBXFileSystemSynchronizedRootGroup; explicitFileTypes = {}; explicitFolders = (); path = EssentialFeediOS; sourceTree = "<group>"; };
		4CA427F92E01E82300295A3A /* EssentialFeediOSTests */ = {isa = PBXFileSystemSynchronizedRootGroup; explicitFileTypes = {}; explicitFolders = (); path = EssentialFeediOSTests; sourceTree = "<group>"; };
		4CF266BD2D0F5383000FABD4 /* EssentialFeedAPIEndToEndTests */ = {isa = PBXFileSystemSynchronizedRootGroup; explicitFileTypes = {}; explicitFolders = (); path = EssentialFeedAPIEndToEndTests; sourceTree = "<group>"; };
/* End PBXFileSystemSynchronizedRootGroup section */

/* Begin PBXFrameworksBuildPhase section */
		4C0E95CE2DCD3EAB00FE5286 /* Frameworks */ = {
			isa = PBXFrameworksBuildPhase;
			buildActionMask = 2147483647;
			files = (
				4C0E95D52DCD3EAB00FE5286 /* EssentialFeed.framework in Frameworks */,
			);
			runOnlyForDeploymentPostprocessing = 0;
		};
		4CA427E82E01E82300295A3A /* Frameworks */ = {
			isa = PBXFrameworksBuildPhase;
			buildActionMask = 2147483647;
			files = (
				4CA4281A2E035E0600295A3A /* EssentialFeed.framework in Frameworks */,
			);
			runOnlyForDeploymentPostprocessing = 0;
		};
		4CA427F22E01E82300295A3A /* Frameworks */ = {
			isa = PBXFrameworksBuildPhase;
			buildActionMask = 2147483647;
			files = (
				4CA427F62E01E82300295A3A /* EssentialFeediOS.framework in Frameworks */,
			);
			runOnlyForDeploymentPostprocessing = 0;
		};
		4CF172872C6E5920002FAEE9 /* Frameworks */ = {
			isa = PBXFrameworksBuildPhase;
			buildActionMask = 2147483647;
			files = (
			);
			runOnlyForDeploymentPostprocessing = 0;
		};
		4CF172912C6E5920002FAEE9 /* Frameworks */ = {
			isa = PBXFrameworksBuildPhase;
			buildActionMask = 2147483647;
			files = (
				4CF172952C6E5920002FAEE9 /* EssentialFeed.framework in Frameworks */,
			);
			runOnlyForDeploymentPostprocessing = 0;
		};
		4CF266B92D0F5383000FABD4 /* Frameworks */ = {
			isa = PBXFrameworksBuildPhase;
			buildActionMask = 2147483647;
			files = (
				4CF266C02D0F5383000FABD4 /* EssentialFeed.framework in Frameworks */,
			);
			runOnlyForDeploymentPostprocessing = 0;
		};
/* End PBXFrameworksBuildPhase section */

/* Begin PBXGroup section */
		4C0E95C62DCD275E00FE5286 /* Infrastructure */ = {
			isa = PBXGroup;
			children = (
				4C5442E82DDA0E3000290E07 /* CoreData */,
			);
			path = Infrastructure;
			sourceTree = "<group>";
		};
		4C3B1D882DBD9063003B20A7 /* Helpers */ = {
			isa = PBXGroup;
			children = (
				4C3B1D892DBD9078003B20A7 /* FeedStoreSpy.swift */,
				4CA8643C2DC177F100A6B9DC /* FeedCacheTestHelpers.swift */,
			);
			path = Helpers;
			sourceTree = "<group>";
		};
		4C5442E82DDA0E3000290E07 /* CoreData */ = {
			isa = PBXGroup;
			children = (
				4CE99DB42D4C0BF600157547 /* LocalFeedLoader.swift */,
				4C7BF6942DC96ABD00F92036 /* CoreDataFeedStore.swift */,
				4C0E95C92DCD2C0200FE5286 /* ManagedCache.swift */,
				4C0E95CB2DCD2C2900FE5286 /* ManagedFeedImage.swift */,
				4C0E95C72DCD2B3300FE5286 /* CoreDataHelpers.swift */,
				4CE260972DCBDDD500CACA90 /* FeedStore.xcdatamodeld */,
			);
			path = CoreData;
			sourceTree = "<group>";
		};
		4C6F37972E2D12F500B932C5 /* Feed Presentation */ = {
			isa = PBXGroup;
			children = (
				4C6F37982E2D130D00B932C5 /* FeedPresenterTests.swift */,
				4C6F37642E2CFCF800B932C5 /* FeedLocalizationTests.swift */,
				4C6F37A92E2D8E5400B932C5 /* FeedImagePresenterTests.swift */,
			);
			path = "Feed Presentation";
			sourceTree = "<group>";
		};
		4C6F379E2E2D1FB100B932C5 /* Feed Presentation */ = {
			isa = PBXGroup;
			children = (
				4C6F379F2E2D1FC500B932C5 /* FeedPresenter.swift */,
				4C6F37A22E2D215300B932C5 /* FeedViewModel.swift */,
				4C6F37A42E2D216200B932C5 /* FeedLoadingViewModel.swift */,
				4C6F37A62E2D217000B932C5 /* FeedErrorViewModel.swift */,
				4C6F37AB2E2D941900B932C5 /* FeedImagePresenter.swift */,
				4C6F37AD2E2D94ED00B932C5 /* FeedImageViewModel.swift */,
				4C6F379A2E2D1E4100B932C5 /* Feed.strings */,
			);
			path = "Feed Presentation";
			sourceTree = "<group>";
		};
		4C7BF68C2DC9631500F92036 /* FeedStoreSpecs */ = {
			isa = PBXGroup;
			children = (
				4C22797C2DC958E30050E159 /* FeedStoreSpecs.swift */,
				4C22797E2DC95B770050E159 /* XCTestCase+FeedStoreSpecs.swift */,
				4C7BF68A2DC9625300F92036 /* XCTestCase+FailableDeleteFeedStoreSpecs.swift */,
				4C7BF6862DC961A300F92036 /* XCTestCase+FailableRetrieveFeedStoreSpecs.swift */,
				4C7BF6882DC961D900F92036 /* XCTestCase+FailableInsertFeedStoreSpecs.swift */,
			);
			path = FeedStoreSpecs;
			sourceTree = "<group>";
		};
		4C9B75742CB81D17008843E4 /* Feed API */ = {
			isa = PBXGroup;
			children = (
				4CA8EA322E3023C000873D05 /* Helpers */,
				4CCF61A72C791229002549F4 /* LoadFeedFromRemoteUseCaseTests.swift */,
				4C9B75752CD16A07008843E4 /* URLSessionHTTPClientTests.swift */,
				4CA8EA2F2E300BF300873D05 /* RemoteFeedImageDataLoaderTests.swift */,
			);
			path = "Feed API";
			sourceTree = "<group>";
		};
		4CA428192E035E0600295A3A /* Frameworks */ = {
			isa = PBXGroup;
			children = (
			);
			name = Frameworks;
			sourceTree = "<group>";
		};
		4CA8EA322E3023C000873D05 /* Helpers */ = {
			isa = PBXGroup;
			children = (
				4CA8EA332E3023D100873D05 /* HTTPClientSpy.swift */,
			);
			path = Helpers;
			sourceTree = "<group>";
		};
		4CA8EAFC2E302AAF00873D05 /* Helpers */ = {
			isa = PBXGroup;
			children = (
				4CA8EAFD2E302AB600873D05 /* HTTPURLResponse+StatusCode.swift */,
			);
			path = Helpers;
			sourceTree = "<group>";
		};
		4CCF61A92C792906002549F4 /* Feed API */ = {
			isa = PBXGroup;
			children = (
				4CA8EAFC2E302AAF00873D05 /* Helpers */,
				4CCF61AA2C792940002549F4 /* RemoteFeedLoader.swift */,
				4C9B75722CB80F7C008843E4 /* FeedItemsMapper.swift */,
				4CDDEED82DBD832B004B9F36 /* RemoteFeedItem.swift */,
				4C9B75702CB80E94008843E4 /* HTTPClient.swift */,
				4CF266C92D0F6F3A000FABD4 /* URLSessionHTTPClient.swift */,
				4CA8EA362E30253A00873D05 /* RemoteFeedImageDataLoader.swift */,
			);
			path = "Feed API";
			sourceTree = "<group>";
		};
		4CE99DB02D49688D00157547 /* Feed Cache */ = {
			isa = PBXGroup;
			children = (
				4C7BF68C2DC9631500F92036 /* FeedStoreSpecs */,
				4C3B1D882DBD9063003B20A7 /* Helpers */,
				4CE99DB12D4968AE00157547 /* CacheFeedUseCaseTests.swift */,
				4CA8643A2DC172E400A6B9DC /* ValidateFeedCacheUseCaseTests.swift */,
				4C3B1D862DBD8EFE003B20A7 /* LoadFeedFromCacheUseCaseTests.swift */,
				4C7BF6922DC96A0000F92036 /* CoreDataFeedStoreTests.swift */,
			);
			path = "Feed Cache";
			sourceTree = "<group>";
		};
		4CE99DB32D4C0BE600157547 /* Feed Cache */ = {
			isa = PBXGroup;
			children = (
				4C0E95C62DCD275E00FE5286 /* Infrastructure */,
				4CE99DB62D4C0C9C00157547 /* FeedStore.swift */,
				4CDDEEDA2DBD838C004B9F36 /* LocalFeedImage.swift */,
			);
			path = "Feed Cache";
			sourceTree = "<group>";
		};
		4CF172802C6E5920002FAEE9 = {
			isa = PBXGroup;
			children = (
				4C0E95DB2DCD3ED600FE5286 /* EssentialFeedCacheIntegrationTests.xctestplan */,
				4CF266CC2D10DD0C000FABD4 /* CI.xctestplan */,
				4CA428022E01EF9C00295A3A /* CI_iOS.xctestplan */,
				4CCF61AE2C7A9343002549F4 /* EssentialFeed.xctestplan */,
				4CF1728C2C6E5920002FAEE9 /* EssentialFeed */,
				4CF172982C6E5920002FAEE9 /* EssentialFeedTests */,
				4CF266BD2D0F5383000FABD4 /* EssentialFeedAPIEndToEndTests */,
				4C0E95D22DCD3EAB00FE5286 /* EssentialFeedCacheIntegrationTests */,
				4CA427EC2E01E82300295A3A /* EssentialFeediOS */,
				4CA427F92E01E82300295A3A /* EssentialFeediOSTests */,
				4CA428192E035E0600295A3A /* Frameworks */,
				4CF1728B2C6E5920002FAEE9 /* Products */,
			);
			sourceTree = "<group>";
		};
		4CF1728B2C6E5920002FAEE9 /* Products */ = {
			isa = PBXGroup;
			children = (
				4CF1728A2C6E5920002FAEE9 /* EssentialFeed.framework */,
				4CF172942C6E5920002FAEE9 /* EssentialFeedTests.xctest */,
				4CF266BC2D0F5383000FABD4 /* EssentialFeedAPIEndToEndTests.xctest */,
				4C0E95D12DCD3EAB00FE5286 /* EssentialFeedCacheIntegrationTests.xctest */,
				4CA427EB2E01E82300295A3A /* EssentialFeediOS.framework */,
				4CA427F52E01E82300295A3A /* EssentialFeediOSTests.xctest */,
			);
			name = Products;
			sourceTree = "<group>";
		};
		4CF1728C2C6E5920002FAEE9 /* EssentialFeed */ = {
			isa = PBXGroup;
			children = (
				4C6F379E2E2D1FB100B932C5 /* Feed Presentation */,
				4CE99DB32D4C0BE600157547 /* Feed Cache */,
				4CCF61A92C792906002549F4 /* Feed API */,
				4CF172A82C6E5D26002FAEE9 /* Feed Feature */,
				4CF1728E2C6E5920002FAEE9 /* EssentialFeed.docc */,
			);
			path = EssentialFeed;
			sourceTree = "<group>";
		};
		4CF172982C6E5920002FAEE9 /* EssentialFeedTests */ = {
			isa = PBXGroup;
			children = (
				4C6F37972E2D12F500B932C5 /* Feed Presentation */,
				4CF266C62D0F5B78000FABD4 /* Helpers */,
				4CE99DB02D49688D00157547 /* Feed Cache */,
				4C9B75742CB81D17008843E4 /* Feed API */,
			);
			path = EssentialFeedTests;
			sourceTree = "<group>";
		};
		4CF172A82C6E5D26002FAEE9 /* Feed Feature */ = {
			isa = PBXGroup;
			children = (
				4CF172A42C6E5A2B002FAEE9 /* FeedItem.swift */,
				4CF172A62C6E5BB8002FAEE9 /* FeedLoader.swift */,
				4CA8E9F02E2E9DA100873D05 /* FeedImageDataLoader.swift */,
			);
			path = "Feed Feature";
			sourceTree = "<group>";
		};
		4CF266C62D0F5B78000FABD4 /* Helpers */ = {
			isa = PBXGroup;
			children = (
				4CF266C72D0F5BAC000FABD4 /* XCTTestCase+MemoryLeakTracking.swift */,
				4CA8643E2DC178B900A6B9DC /* SharedTestHelpers.swift */,
			);
			path = Helpers;
			sourceTree = "<group>";
		};
/* End PBXGroup section */

/* Begin PBXHeadersBuildPhase section */
		4CA427E62E01E82300295A3A /* Headers */ = {
			isa = PBXHeadersBuildPhase;
			buildActionMask = 2147483647;
			files = (
			);
			runOnlyForDeploymentPostprocessing = 0;
		};
		4CF172852C6E5920002FAEE9 /* Headers */ = {
			isa = PBXHeadersBuildPhase;
			buildActionMask = 2147483647;
			files = (
			);
			runOnlyForDeploymentPostprocessing = 0;
		};
/* End PBXHeadersBuildPhase section */

/* Begin PBXNativeTarget section */
		4C0E95D02DCD3EAB00FE5286 /* EssentialFeedCacheIntegrationTests */ = {
			isa = PBXNativeTarget;
			buildConfigurationList = 4C0E95D82DCD3EAB00FE5286 /* Build configuration list for PBXNativeTarget "EssentialFeedCacheIntegrationTests" */;
			buildPhases = (
				4C0E95CD2DCD3EAB00FE5286 /* Sources */,
				4C0E95CE2DCD3EAB00FE5286 /* Frameworks */,
				4C0E95CF2DCD3EAB00FE5286 /* Resources */,
			);
			buildRules = (
			);
			dependencies = (
				4C0E95D72DCD3EAB00FE5286 /* PBXTargetDependency */,
			);
			fileSystemSynchronizedGroups = (
				4C0E95D22DCD3EAB00FE5286 /* EssentialFeedCacheIntegrationTests */,
			);
			name = EssentialFeedCacheIntegrationTests;
			packageProductDependencies = (
			);
			productName = EssentialFeedCacheIntegrationTests;
			productReference = 4C0E95D12DCD3EAB00FE5286 /* EssentialFeedCacheIntegrationTests.xctest */;
			productType = "com.apple.product-type.bundle.unit-test";
		};
		4CA427EA2E01E82300295A3A /* EssentialFeediOS */ = {
			isa = PBXNativeTarget;
			buildConfigurationList = 4CA427FC2E01E82400295A3A /* Build configuration list for PBXNativeTarget "EssentialFeediOS" */;
			buildPhases = (
				4CA427E62E01E82300295A3A /* Headers */,
				4CA427E72E01E82300295A3A /* Sources */,
				4CA427E82E01E82300295A3A /* Frameworks */,
				4CA427E92E01E82300295A3A /* Resources */,
				4CA4281E2E035E0600295A3A /* Embed Frameworks */,
			);
			buildRules = (
			);
			dependencies = (
				4CA4281D2E035E0600295A3A /* PBXTargetDependency */,
			);
			fileSystemSynchronizedGroups = (
				4CA427EC2E01E82300295A3A /* EssentialFeediOS */,
			);
			name = EssentialFeediOS;
			packageProductDependencies = (
			);
			productName = EssentialFeediOS;
			productReference = 4CA427EB2E01E82300295A3A /* EssentialFeediOS.framework */;
			productType = "com.apple.product-type.framework";
		};
		4CA427F42E01E82300295A3A /* EssentialFeediOSTests */ = {
			isa = PBXNativeTarget;
			buildConfigurationList = 4CA427FF2E01E82400295A3A /* Build configuration list for PBXNativeTarget "EssentialFeediOSTests" */;
			buildPhases = (
				4CA427F12E01E82300295A3A /* Sources */,
				4CA427F22E01E82300295A3A /* Frameworks */,
				4CA427F32E01E82300295A3A /* Resources */,
			);
			buildRules = (
			);
			dependencies = (
				4CA427F82E01E82300295A3A /* PBXTargetDependency */,
			);
			fileSystemSynchronizedGroups = (
				4CA427F92E01E82300295A3A /* EssentialFeediOSTests */,
			);
			name = EssentialFeediOSTests;
			packageProductDependencies = (
			);
			productName = EssentialFeediOSTests;
			productReference = 4CA427F52E01E82300295A3A /* EssentialFeediOSTests.xctest */;
			productType = "com.apple.product-type.bundle.unit-test";
		};
		4CF172892C6E5920002FAEE9 /* EssentialFeed */ = {
			isa = PBXNativeTarget;
			buildConfigurationList = 4CF1729E2C6E5920002FAEE9 /* Build configuration list for PBXNativeTarget "EssentialFeed" */;
			buildPhases = (
				4CF172852C6E5920002FAEE9 /* Headers */,
				4CF172862C6E5920002FAEE9 /* Sources */,
				4CF172872C6E5920002FAEE9 /* Frameworks */,
				4CF172882C6E5920002FAEE9 /* Resources */,
			);
			buildRules = (
			);
			dependencies = (
			);
			name = EssentialFeed;
			productName = EssentialFeed;
			productReference = 4CF1728A2C6E5920002FAEE9 /* EssentialFeed.framework */;
			productType = "com.apple.product-type.framework";
		};
		4CF172932C6E5920002FAEE9 /* EssentialFeedTests */ = {
			isa = PBXNativeTarget;
			buildConfigurationList = 4CF172A12C6E5920002FAEE9 /* Build configuration list for PBXNativeTarget "EssentialFeedTests" */;
			buildPhases = (
				4CF172902C6E5920002FAEE9 /* Sources */,
				4CF172912C6E5920002FAEE9 /* Frameworks */,
				4CF172922C6E5920002FAEE9 /* Resources */,
			);
			buildRules = (
			);
			dependencies = (
				4CF172972C6E5920002FAEE9 /* PBXTargetDependency */,
			);
			name = EssentialFeedTests;
			productName = EssentialFeedTests;
			productReference = 4CF172942C6E5920002FAEE9 /* EssentialFeedTests.xctest */;
			productType = "com.apple.product-type.bundle.unit-test";
		};
		4CF266BB2D0F5383000FABD4 /* EssentialFeedAPIEndToEndTests */ = {
			isa = PBXNativeTarget;
			buildConfigurationList = 4CF266C52D0F5383000FABD4 /* Build configuration list for PBXNativeTarget "EssentialFeedAPIEndToEndTests" */;
			buildPhases = (
				4CF266B82D0F5383000FABD4 /* Sources */,
				4CF266B92D0F5383000FABD4 /* Frameworks */,
				4CF266BA2D0F5383000FABD4 /* Resources */,
			);
			buildRules = (
			);
			dependencies = (
				4CF266C22D0F5383000FABD4 /* PBXTargetDependency */,
			);
			fileSystemSynchronizedGroups = (
				4CF266BD2D0F5383000FABD4 /* EssentialFeedAPIEndToEndTests */,
			);
			name = EssentialFeedAPIEndToEndTests;
			packageProductDependencies = (
			);
			productName = EssentialFeedAPIEndToEndTests;
			productReference = 4CF266BC2D0F5383000FABD4 /* EssentialFeedAPIEndToEndTests.xctest */;
			productType = "com.apple.product-type.bundle.unit-test";
		};
/* End PBXNativeTarget section */

/* Begin PBXProject section */
		4CF172812C6E5920002FAEE9 /* Project object */ = {
			isa = PBXProject;
			attributes = {
				BuildIndependentTargetsInParallel = 1;
				LastSwiftUpdateCheck = 1630;
				LastUpgradeCheck = 1500;
				TargetAttributes = {
					4C0E95D02DCD3EAB00FE5286 = {
						CreatedOnToolsVersion = 16.3;
					};
					4CA427EA2E01E82300295A3A = {
						CreatedOnToolsVersion = 16.3;
					};
					4CA427F42E01E82300295A3A = {
						CreatedOnToolsVersion = 16.3;
						LastSwiftMigration = 1630;
					};
					4CF172892C6E5920002FAEE9 = {
						CreatedOnToolsVersion = 15.0.1;
					};
					4CF172932C6E5920002FAEE9 = {
						CreatedOnToolsVersion = 15.0.1;
					};
					4CF266BB2D0F5383000FABD4 = {
						CreatedOnToolsVersion = 16.0;
					};
				};
			};
			buildConfigurationList = 4CF172842C6E5920002FAEE9 /* Build configuration list for PBXProject "EssentialFeed" */;
			compatibilityVersion = "Xcode 14.0";
			developmentRegion = en;
			hasScannedForEncodings = 0;
			knownRegions = (
				en,
				Base,
				"pt-BR",
			);
			mainGroup = 4CF172802C6E5920002FAEE9;
			productRefGroup = 4CF1728B2C6E5920002FAEE9 /* Products */;
			projectDirPath = "";
			projectRoot = "";
			targets = (
				4CF172892C6E5920002FAEE9 /* EssentialFeed */,
				4CF172932C6E5920002FAEE9 /* EssentialFeedTests */,
				4CF266BB2D0F5383000FABD4 /* EssentialFeedAPIEndToEndTests */,
				4C0E95D02DCD3EAB00FE5286 /* EssentialFeedCacheIntegrationTests */,
				4CA427EA2E01E82300295A3A /* EssentialFeediOS */,
				4CA427F42E01E82300295A3A /* EssentialFeediOSTests */,
			);
		};
/* End PBXProject section */

/* Begin PBXResourcesBuildPhase section */
		4C0E95CF2DCD3EAB00FE5286 /* Resources */ = {
			isa = PBXResourcesBuildPhase;
			buildActionMask = 2147483647;
			files = (
			);
			runOnlyForDeploymentPostprocessing = 0;
		};
		4CA427E92E01E82300295A3A /* Resources */ = {
			isa = PBXResourcesBuildPhase;
			buildActionMask = 2147483647;
			files = (
			);
			runOnlyForDeploymentPostprocessing = 0;
		};
		4CA427F32E01E82300295A3A /* Resources */ = {
			isa = PBXResourcesBuildPhase;
			buildActionMask = 2147483647;
			files = (
			);
			runOnlyForDeploymentPostprocessing = 0;
		};
		4CF172882C6E5920002FAEE9 /* Resources */ = {
			isa = PBXResourcesBuildPhase;
			buildActionMask = 2147483647;
			files = (
				4C6F37A12E2D20B600B932C5 /* Feed.strings in Resources */,
			);
			runOnlyForDeploymentPostprocessing = 0;
		};
		4CF172922C6E5920002FAEE9 /* Resources */ = {
			isa = PBXResourcesBuildPhase;
			buildActionMask = 2147483647;
			files = (
			);
			runOnlyForDeploymentPostprocessing = 0;
		};
		4CF266BA2D0F5383000FABD4 /* Resources */ = {
			isa = PBXResourcesBuildPhase;
			buildActionMask = 2147483647;
			files = (
			);
			runOnlyForDeploymentPostprocessing = 0;
		};
/* End PBXResourcesBuildPhase section */

/* Begin PBXSourcesBuildPhase section */
		4C0E95CD2DCD3EAB00FE5286 /* Sources */ = {
			isa = PBXSourcesBuildPhase;
			buildActionMask = 2147483647;
			files = (
				4C6F197B2DCD63810058D221 /* SharedTestHelpers.swift in Sources */,
				4C6F197A2DCD63730058D221 /* FeedCacheTestHelpers.swift in Sources */,
				4C0E95DC2DCD425700FE5286 /* XCTTestCase+MemoryLeakTracking.swift in Sources */,
			);
			runOnlyForDeploymentPostprocessing = 0;
		};
		4CA427E72E01E82300295A3A /* Sources */ = {
			isa = PBXSourcesBuildPhase;
			buildActionMask = 2147483647;
			files = (
			);
			runOnlyForDeploymentPostprocessing = 0;
		};
		4CA427F12E01E82300295A3A /* Sources */ = {
			isa = PBXSourcesBuildPhase;
			buildActionMask = 2147483647;
			files = (
				4CA4281F2E035EF700295A3A /* XCTTestCase+MemoryLeakTracking.swift in Sources */,
			);
			runOnlyForDeploymentPostprocessing = 0;
		};
		4CF172862C6E5920002FAEE9 /* Sources */ = {
			isa = PBXSourcesBuildPhase;
			buildActionMask = 2147483647;
			files = (
				4C0E95C82DCD2B3300FE5286 /* CoreDataHelpers.swift in Sources */,
				4CDDEEDB2DBD838C004B9F36 /* LocalFeedImage.swift in Sources */,
				4CE99DB72D4C0C9C00157547 /* FeedStore.swift in Sources */,
				4CF266CA2D0F6F3A000FABD4 /* URLSessionHTTPClient.swift in Sources */,
				4C6F37AE2E2D94EE00B932C5 /* FeedImageViewModel.swift in Sources */,
				4CCF61AB2C792940002549F4 /* RemoteFeedLoader.swift in Sources */,
				4CA8EA372E30253A00873D05 /* RemoteFeedImageDataLoader.swift in Sources */,
				4C9B75712CB80E94008843E4 /* HTTPClient.swift in Sources */,
				4CE260992DCBDDD500CACA90 /* FeedStore.xcdatamodeld in Sources */,
				4CF172A72C6E5BB8002FAEE9 /* FeedLoader.swift in Sources */,
				4C6F37A32E2D215300B932C5 /* FeedViewModel.swift in Sources */,
				4C9B75732CB80F7C008843E4 /* FeedItemsMapper.swift in Sources */,
				4CDDEED92DBD832B004B9F36 /* RemoteFeedItem.swift in Sources */,
				4CF172A52C6E5A2B002FAEE9 /* FeedItem.swift in Sources */,
				4CE99DB52D4C0BF600157547 /* LocalFeedLoader.swift in Sources */,
				4C6F37A02E2D1FC500B932C5 /* FeedPresenter.swift in Sources */,
				4CF1728F2C6E5920002FAEE9 /* EssentialFeed.docc in Sources */,
				4CA8EAFE2E302AC000873D05 /* HTTPURLResponse+StatusCode.swift in Sources */,
				4C0E95CA2DCD2C0200FE5286 /* ManagedCache.swift in Sources */,
				4C7BF6952DC96ABD00F92036 /* CoreDataFeedStore.swift in Sources */,
				4C6F37A72E2D217000B932C5 /* FeedErrorViewModel.swift in Sources */,
				4CA8EA312E300EB600873D05 /* FeedImageDataLoader.swift in Sources */,
				4C6F37A52E2D216200B932C5 /* FeedLoadingViewModel.swift in Sources */,
				4C6F37AC2E2D941D00B932C5 /* FeedImagePresenter.swift in Sources */,
				4C0E95CC2DCD2C2900FE5286 /* ManagedFeedImage.swift in Sources */,
			);
			runOnlyForDeploymentPostprocessing = 0;
		};
		4CF172902C6E5920002FAEE9 /* Sources */ = {
			isa = PBXSourcesBuildPhase;
			buildActionMask = 2147483647;
			files = (
				4CA8643D2DC177F100A6B9DC /* FeedCacheTestHelpers.swift in Sources */,
				4CA8643B2DC172E400A6B9DC /* ValidateFeedCacheUseCaseTests.swift in Sources */,
				4C6F37992E2D130D00B932C5 /* FeedPresenterTests.swift in Sources */,
				4CA8EA302E300BF300873D05 /* RemoteFeedImageDataLoaderTests.swift in Sources */,
				4CCF61AD2C7A27EF002549F4 /* LoadFeedFromRemoteUseCaseTests.swift in Sources */,
				4C6F37AA2E2D8E5400B932C5 /* FeedImagePresenterTests.swift in Sources */,
				4C7BF6892DC961D900F92036 /* XCTestCase+FailableInsertFeedStoreSpecs.swift in Sources */,
				4C6F37A82E2D22FA00B932C5 /* FeedLocalizationTests.swift in Sources */,
				4C9B75762CD16A07008843E4 /* URLSessionHTTPClientTests.swift in Sources */,
				4CA8EA352E3024D500873D05 /* HTTPClientSpy.swift in Sources */,
				4C3B1D8A2DBD9078003B20A7 /* FeedStoreSpy.swift in Sources */,
				4CA864402DC178B900A6B9DC /* SharedTestHelpers.swift in Sources */,
				4CE99DB22D4968AE00157547 /* CacheFeedUseCaseTests.swift in Sources */,
				4C7BF68B2DC9625300F92036 /* XCTestCase+FailableDeleteFeedStoreSpecs.swift in Sources */,
				4C7BF6872DC961A300F92036 /* XCTestCase+FailableRetrieveFeedStoreSpecs.swift in Sources */,
				4C3B1D872DBD8EFE003B20A7 /* LoadFeedFromCacheUseCaseTests.swift in Sources */,
				4C22797D2DC958E30050E159 /* FeedStoreSpecs.swift in Sources */,
				4CF266C82D0F5BAC000FABD4 /* XCTTestCase+MemoryLeakTracking.swift in Sources */,
				4C7BF6932DC96A0000F92036 /* CoreDataFeedStoreTests.swift in Sources */,
				4C22797F2DC95B770050E159 /* XCTestCase+FeedStoreSpecs.swift in Sources */,
			);
			runOnlyForDeploymentPostprocessing = 0;
		};
		4CF266B82D0F5383000FABD4 /* Sources */ = {
			isa = PBXSourcesBuildPhase;
			buildActionMask = 2147483647;
			files = (
				4CF266CB2D10DB67000FABD4 /* XCTTestCase+MemoryLeakTracking.swift in Sources */,
				4CA8643F2DC178B900A6B9DC /* SharedTestHelpers.swift in Sources */,
			);
			runOnlyForDeploymentPostprocessing = 0;
		};
/* End PBXSourcesBuildPhase section */

/* Begin PBXTargetDependency section */
		4C0E95D72DCD3EAB00FE5286 /* PBXTargetDependency */ = {
			isa = PBXTargetDependency;
			target = 4CF172892C6E5920002FAEE9 /* EssentialFeed */;
			targetProxy = 4C0E95D62DCD3EAB00FE5286 /* PBXContainerItemProxy */;
		};
		4CA427F82E01E82300295A3A /* PBXTargetDependency */ = {
			isa = PBXTargetDependency;
			target = 4CA427EA2E01E82300295A3A /* EssentialFeediOS */;
			targetProxy = 4CA427F72E01E82300295A3A /* PBXContainerItemProxy */;
		};
		4CA4281D2E035E0600295A3A /* PBXTargetDependency */ = {
			isa = PBXTargetDependency;
			platformFilter = ios;
			target = 4CF172892C6E5920002FAEE9 /* EssentialFeed */;
			targetProxy = 4CA4281C2E035E0600295A3A /* PBXContainerItemProxy */;
		};
		4CF172972C6E5920002FAEE9 /* PBXTargetDependency */ = {
			isa = PBXTargetDependency;
			target = 4CF172892C6E5920002FAEE9 /* EssentialFeed */;
			targetProxy = 4CF172962C6E5920002FAEE9 /* PBXContainerItemProxy */;
		};
		4CF266C22D0F5383000FABD4 /* PBXTargetDependency */ = {
			isa = PBXTargetDependency;
			target = 4CF172892C6E5920002FAEE9 /* EssentialFeed */;
			targetProxy = 4CF266C12D0F5383000FABD4 /* PBXContainerItemProxy */;
		};
/* End PBXTargetDependency section */

/* Begin PBXVariantGroup section */
		4C6F379A2E2D1E4100B932C5 /* Feed.strings */ = {
			isa = PBXVariantGroup;
			children = (
				4C6F379B2E2D1E4100B932C5 /* en */,
				4C6F379D2E2D1E5900B932C5 /* pt-BR */,
			);
			name = Feed.strings;
			sourceTree = "<group>";
		};
/* End PBXVariantGroup section */

/* Begin XCBuildConfiguration section */
		4C0E95D92DCD3EAB00FE5286 /* Debug */ = {
			isa = XCBuildConfiguration;
			buildSettings = {
				CODE_SIGN_STYLE = Automatic;
				CURRENT_PROJECT_VERSION = 1;
				DEVELOPMENT_TEAM = 76YKNW8C9R;
				GENERATE_INFOPLIST_FILE = YES;
				MACOSX_DEPLOYMENT_TARGET = 15.4;
				MARKETING_VERSION = 1.0;
				PRODUCT_BUNDLE_IDENTIFIER = com.nikola.EssentialFeedCacheIntegrationTests;
				PRODUCT_NAME = "$(TARGET_NAME)";
				SUPPORTED_PLATFORMS = "macosx iphoneos iphonesimulator";
				SWIFT_EMIT_LOC_STRINGS = NO;
				SWIFT_VERSION = 5.0;
			};
			name = Debug;
		};
		4C0E95DA2DCD3EAB00FE5286 /* Release */ = {
			isa = XCBuildConfiguration;
			buildSettings = {
				CODE_SIGN_STYLE = Automatic;
				CURRENT_PROJECT_VERSION = 1;
				DEVELOPMENT_TEAM = 76YKNW8C9R;
				GENERATE_INFOPLIST_FILE = YES;
				MACOSX_DEPLOYMENT_TARGET = 15.4;
				MARKETING_VERSION = 1.0;
				PRODUCT_BUNDLE_IDENTIFIER = com.nikola.EssentialFeedCacheIntegrationTests;
				PRODUCT_NAME = "$(TARGET_NAME)";
				SUPPORTED_PLATFORMS = "macosx iphoneos iphonesimulator";
				SWIFT_EMIT_LOC_STRINGS = NO;
				SWIFT_VERSION = 5.0;
			};
			name = Release;
		};
		4CA427FD2E01E82400295A3A /* Debug */ = {
			isa = XCBuildConfiguration;
			buildSettings = {
				BUILD_LIBRARY_FOR_DISTRIBUTION = NO;
				CODE_SIGN_STYLE = Automatic;
				CURRENT_PROJECT_VERSION = 1;
				DEVELOPMENT_TEAM = 76YKNW8C9R;
				DYLIB_COMPATIBILITY_VERSION = 1;
				DYLIB_CURRENT_VERSION = 1;
				DYLIB_INSTALL_NAME_BASE = "@rpath";
				ENABLE_MODULE_VERIFIER = YES;
				GENERATE_INFOPLIST_FILE = YES;
				INFOPLIST_KEY_NSHumanReadableCopyright = "";
				INSTALL_PATH = "$(LOCAL_LIBRARY_DIR)/Frameworks";
				IPHONEOS_DEPLOYMENT_TARGET = 18.4;
				LD_RUNPATH_SEARCH_PATHS = (
					"$(inherited)",
					"@executable_path/Frameworks",
					"@loader_path/Frameworks",
				);
				MARKETING_VERSION = 1.0;
				MODULE_VERIFIER_SUPPORTED_LANGUAGES = "objective-c objective-c++";
				MODULE_VERIFIER_SUPPORTED_LANGUAGE_STANDARDS = "gnu17 gnu++20";
				PRODUCT_BUNDLE_IDENTIFIER = com.nikola.EssentialFeediOS;
				PRODUCT_NAME = "$(TARGET_NAME:c99extidentifier)";
				SDKROOT = iphoneos;
				SKIP_INSTALL = YES;
				SWIFT_EMIT_LOC_STRINGS = YES;
				SWIFT_INSTALL_MODULE = YES;
				SWIFT_INSTALL_OBJC_HEADER = NO;
				SWIFT_VERSION = 5.0;
				TARGETED_DEVICE_FAMILY = "1,2";
			};
			name = Debug;
		};
		4CA427FE2E01E82400295A3A /* Release */ = {
			isa = XCBuildConfiguration;
			buildSettings = {
				BUILD_LIBRARY_FOR_DISTRIBUTION = NO;
				CODE_SIGN_STYLE = Automatic;
				CURRENT_PROJECT_VERSION = 1;
				DEVELOPMENT_TEAM = 76YKNW8C9R;
				DYLIB_COMPATIBILITY_VERSION = 1;
				DYLIB_CURRENT_VERSION = 1;
				DYLIB_INSTALL_NAME_BASE = "@rpath";
				ENABLE_MODULE_VERIFIER = YES;
				GENERATE_INFOPLIST_FILE = YES;
				INFOPLIST_KEY_NSHumanReadableCopyright = "";
				INSTALL_PATH = "$(LOCAL_LIBRARY_DIR)/Frameworks";
				IPHONEOS_DEPLOYMENT_TARGET = 18.4;
				LD_RUNPATH_SEARCH_PATHS = (
					"$(inherited)",
					"@executable_path/Frameworks",
					"@loader_path/Frameworks",
				);
				MARKETING_VERSION = 1.0;
				MODULE_VERIFIER_SUPPORTED_LANGUAGES = "objective-c objective-c++";
				MODULE_VERIFIER_SUPPORTED_LANGUAGE_STANDARDS = "gnu17 gnu++20";
				PRODUCT_BUNDLE_IDENTIFIER = com.nikola.EssentialFeediOS;
				PRODUCT_NAME = "$(TARGET_NAME:c99extidentifier)";
				SDKROOT = iphoneos;
				SKIP_INSTALL = YES;
				SWIFT_EMIT_LOC_STRINGS = YES;
				SWIFT_INSTALL_MODULE = YES;
				SWIFT_INSTALL_OBJC_HEADER = NO;
				SWIFT_VERSION = 5.0;
				TARGETED_DEVICE_FAMILY = "1,2";
				VALIDATE_PRODUCT = YES;
			};
			name = Release;
		};
		4CA428002E01E82400295A3A /* Debug */ = {
			isa = XCBuildConfiguration;
			buildSettings = {
				CLANG_ENABLE_MODULES = YES;
				CODE_SIGN_STYLE = Automatic;
				CURRENT_PROJECT_VERSION = 1;
				DEVELOPMENT_TEAM = 76YKNW8C9R;
				GENERATE_INFOPLIST_FILE = YES;
				IPHONEOS_DEPLOYMENT_TARGET = 18.4;
				MARKETING_VERSION = 1.0;
				PRODUCT_BUNDLE_IDENTIFIER = com.nikola.EssentialFeediOSTests;
				PRODUCT_NAME = "$(TARGET_NAME)";
				SDKROOT = iphoneos;
				SWIFT_EMIT_LOC_STRINGS = NO;
				SWIFT_OPTIMIZATION_LEVEL = "-Onone";
				SWIFT_VERSION = 5.0;
				TARGETED_DEVICE_FAMILY = "1,2";
			};
			name = Debug;
		};
		4CA428012E01E82400295A3A /* Release */ = {
			isa = XCBuildConfiguration;
			buildSettings = {
				CLANG_ENABLE_MODULES = YES;
				CODE_SIGN_STYLE = Automatic;
				CURRENT_PROJECT_VERSION = 1;
				DEVELOPMENT_TEAM = 76YKNW8C9R;
				GENERATE_INFOPLIST_FILE = YES;
				IPHONEOS_DEPLOYMENT_TARGET = 18.4;
				MARKETING_VERSION = 1.0;
				PRODUCT_BUNDLE_IDENTIFIER = com.nikola.EssentialFeediOSTests;
				PRODUCT_NAME = "$(TARGET_NAME)";
				SDKROOT = iphoneos;
				SWIFT_EMIT_LOC_STRINGS = NO;
				SWIFT_VERSION = 5.0;
				TARGETED_DEVICE_FAMILY = "1,2";
				VALIDATE_PRODUCT = YES;
			};
			name = Release;
		};
		4CF1729C2C6E5920002FAEE9 /* Debug */ = {
			isa = XCBuildConfiguration;
			buildSettings = {
				ALWAYS_SEARCH_USER_PATHS = NO;
				ASSETCATALOG_COMPILER_GENERATE_SWIFT_ASSET_SYMBOL_EXTENSIONS = YES;
				CLANG_ANALYZER_LOCALIZABILITY_NONLOCALIZED = YES;
				CLANG_ANALYZER_NONNULL = YES;
				CLANG_ANALYZER_NUMBER_OBJECT_CONVERSION = YES_AGGRESSIVE;
				CLANG_CXX_LANGUAGE_STANDARD = "gnu++20";
				CLANG_ENABLE_MODULES = YES;
				CLANG_ENABLE_OBJC_ARC = YES;
				CLANG_ENABLE_OBJC_WEAK = YES;
				CLANG_WARN_BLOCK_CAPTURE_AUTORELEASING = YES;
				CLANG_WARN_BOOL_CONVERSION = YES;
				CLANG_WARN_COMMA = YES;
				CLANG_WARN_CONSTANT_CONVERSION = YES;
				CLANG_WARN_DEPRECATED_OBJC_IMPLEMENTATIONS = YES;
				CLANG_WARN_DIRECT_OBJC_ISA_USAGE = YES_ERROR;
				CLANG_WARN_DOCUMENTATION_COMMENTS = YES;
				CLANG_WARN_EMPTY_BODY = YES;
				CLANG_WARN_ENUM_CONVERSION = YES;
				CLANG_WARN_INFINITE_RECURSION = YES;
				CLANG_WARN_INT_CONVERSION = YES;
				CLANG_WARN_NON_LITERAL_NULL_CONVERSION = YES;
				CLANG_WARN_OBJC_IMPLICIT_RETAIN_SELF = YES;
				CLANG_WARN_OBJC_LITERAL_CONVERSION = YES;
				CLANG_WARN_OBJC_ROOT_CLASS = YES_ERROR;
				CLANG_WARN_QUOTED_INCLUDE_IN_FRAMEWORK_HEADER = YES;
				CLANG_WARN_RANGE_LOOP_ANALYSIS = YES;
				CLANG_WARN_STRICT_PROTOTYPES = YES;
				CLANG_WARN_SUSPICIOUS_MOVE = YES;
				CLANG_WARN_UNGUARDED_AVAILABILITY = YES_AGGRESSIVE;
				CLANG_WARN_UNREACHABLE_CODE = YES;
				CLANG_WARN__DUPLICATE_METHOD_MATCH = YES;
				COPY_PHASE_STRIP = NO;
				CURRENT_PROJECT_VERSION = 1;
				DEBUG_INFORMATION_FORMAT = dwarf;
				ENABLE_STRICT_OBJC_MSGSEND = YES;
				ENABLE_TESTABILITY = YES;
				ENABLE_USER_SCRIPT_SANDBOXING = YES;
				GCC_C_LANGUAGE_STANDARD = gnu17;
				GCC_DYNAMIC_NO_PIC = NO;
				GCC_NO_COMMON_BLOCKS = YES;
				GCC_OPTIMIZATION_LEVEL = 0;
				GCC_PREPROCESSOR_DEFINITIONS = (
					"DEBUG=1",
					"$(inherited)",
				);
				GCC_WARN_64_TO_32_BIT_CONVERSION = YES;
				GCC_WARN_ABOUT_RETURN_TYPE = YES_ERROR;
				GCC_WARN_UNDECLARED_SELECTOR = YES;
				GCC_WARN_UNINITIALIZED_AUTOS = YES_AGGRESSIVE;
				GCC_WARN_UNUSED_FUNCTION = YES;
				GCC_WARN_UNUSED_VARIABLE = YES;
				LOCALIZATION_PREFERS_STRING_CATALOGS = YES;
				MACOSX_DEPLOYMENT_TARGET = 14.0;
				MTL_ENABLE_DEBUG_INFO = INCLUDE_SOURCE;
				MTL_FAST_MATH = YES;
				ONLY_ACTIVE_ARCH = YES;
				SDKROOT = macosx;
				SWIFT_ACTIVE_COMPILATION_CONDITIONS = "DEBUG $(inherited)";
				SWIFT_OPTIMIZATION_LEVEL = "-Onone";
				VERSIONING_SYSTEM = "apple-generic";
				VERSION_INFO_PREFIX = "";
			};
			name = Debug;
		};
		4CF1729D2C6E5920002FAEE9 /* Release */ = {
			isa = XCBuildConfiguration;
			buildSettings = {
				ALWAYS_SEARCH_USER_PATHS = NO;
				ASSETCATALOG_COMPILER_GENERATE_SWIFT_ASSET_SYMBOL_EXTENSIONS = YES;
				CLANG_ANALYZER_LOCALIZABILITY_NONLOCALIZED = YES;
				CLANG_ANALYZER_NONNULL = YES;
				CLANG_ANALYZER_NUMBER_OBJECT_CONVERSION = YES_AGGRESSIVE;
				CLANG_CXX_LANGUAGE_STANDARD = "gnu++20";
				CLANG_ENABLE_MODULES = YES;
				CLANG_ENABLE_OBJC_ARC = YES;
				CLANG_ENABLE_OBJC_WEAK = YES;
				CLANG_WARN_BLOCK_CAPTURE_AUTORELEASING = YES;
				CLANG_WARN_BOOL_CONVERSION = YES;
				CLANG_WARN_COMMA = YES;
				CLANG_WARN_CONSTANT_CONVERSION = YES;
				CLANG_WARN_DEPRECATED_OBJC_IMPLEMENTATIONS = YES;
				CLANG_WARN_DIRECT_OBJC_ISA_USAGE = YES_ERROR;
				CLANG_WARN_DOCUMENTATION_COMMENTS = YES;
				CLANG_WARN_EMPTY_BODY = YES;
				CLANG_WARN_ENUM_CONVERSION = YES;
				CLANG_WARN_INFINITE_RECURSION = YES;
				CLANG_WARN_INT_CONVERSION = YES;
				CLANG_WARN_NON_LITERAL_NULL_CONVERSION = YES;
				CLANG_WARN_OBJC_IMPLICIT_RETAIN_SELF = YES;
				CLANG_WARN_OBJC_LITERAL_CONVERSION = YES;
				CLANG_WARN_OBJC_ROOT_CLASS = YES_ERROR;
				CLANG_WARN_QUOTED_INCLUDE_IN_FRAMEWORK_HEADER = YES;
				CLANG_WARN_RANGE_LOOP_ANALYSIS = YES;
				CLANG_WARN_STRICT_PROTOTYPES = YES;
				CLANG_WARN_SUSPICIOUS_MOVE = YES;
				CLANG_WARN_UNGUARDED_AVAILABILITY = YES_AGGRESSIVE;
				CLANG_WARN_UNREACHABLE_CODE = YES;
				CLANG_WARN__DUPLICATE_METHOD_MATCH = YES;
				COPY_PHASE_STRIP = NO;
				CURRENT_PROJECT_VERSION = 1;
				DEBUG_INFORMATION_FORMAT = "dwarf-with-dsym";
				ENABLE_NS_ASSERTIONS = NO;
				ENABLE_STRICT_OBJC_MSGSEND = YES;
				ENABLE_USER_SCRIPT_SANDBOXING = YES;
				GCC_C_LANGUAGE_STANDARD = gnu17;
				GCC_NO_COMMON_BLOCKS = YES;
				GCC_WARN_64_TO_32_BIT_CONVERSION = YES;
				GCC_WARN_ABOUT_RETURN_TYPE = YES_ERROR;
				GCC_WARN_UNDECLARED_SELECTOR = YES;
				GCC_WARN_UNINITIALIZED_AUTOS = YES_AGGRESSIVE;
				GCC_WARN_UNUSED_FUNCTION = YES;
				GCC_WARN_UNUSED_VARIABLE = YES;
				LOCALIZATION_PREFERS_STRING_CATALOGS = YES;
				MACOSX_DEPLOYMENT_TARGET = 14.0;
				MTL_ENABLE_DEBUG_INFO = NO;
				MTL_FAST_MATH = YES;
				SDKROOT = macosx;
				SWIFT_COMPILATION_MODE = wholemodule;
				VERSIONING_SYSTEM = "apple-generic";
				VERSION_INFO_PREFIX = "";
			};
			name = Release;
		};
		4CF1729F2C6E5920002FAEE9 /* Debug */ = {
			isa = XCBuildConfiguration;
			buildSettings = {
				CODE_SIGN_STYLE = Automatic;
				COMBINE_HIDPI_IMAGES = YES;
				CURRENT_PROJECT_VERSION = 1;
				DEFINES_MODULE = YES;
				DEVELOPMENT_TEAM = 76YKNW8C9R;
				DYLIB_COMPATIBILITY_VERSION = 1;
				DYLIB_CURRENT_VERSION = 1;
				DYLIB_INSTALL_NAME_BASE = "@rpath";
				ENABLE_MODULE_VERIFIER = NO;
				GENERATE_INFOPLIST_FILE = YES;
				INFOPLIST_KEY_NSHumanReadableCopyright = "";
				INSTALL_PATH = "$(LOCAL_LIBRARY_DIR)/Frameworks";
				LD_RUNPATH_SEARCH_PATHS = (
					"$(inherited)",
					"@executable_path/../Frameworks",
					"@loader_path/Frameworks",
				);
				MARKETING_VERSION = 1.0;
				MODULE_VERIFIER_SUPPORTED_LANGUAGES = "objective-c objective-c++";
				MODULE_VERIFIER_SUPPORTED_LANGUAGE_STANDARDS = "gnu17 gnu++20";
				PRODUCT_BUNDLE_IDENTIFIER = com.nikola.EssentialFeed;
				PRODUCT_NAME = "$(TARGET_NAME:c99extidentifier)";
				SKIP_INSTALL = YES;
				SUPPORTED_PLATFORMS = "macosx iphoneos iphonesimulator";
				SWIFT_EMIT_LOC_STRINGS = YES;
				SWIFT_VERSION = 5.0;
			};
			name = Debug;
		};
		4CF172A02C6E5920002FAEE9 /* Release */ = {
			isa = XCBuildConfiguration;
			buildSettings = {
				CODE_SIGN_STYLE = Automatic;
				COMBINE_HIDPI_IMAGES = YES;
				CURRENT_PROJECT_VERSION = 1;
				DEFINES_MODULE = YES;
				DEVELOPMENT_TEAM = 76YKNW8C9R;
				DYLIB_COMPATIBILITY_VERSION = 1;
				DYLIB_CURRENT_VERSION = 1;
				DYLIB_INSTALL_NAME_BASE = "@rpath";
				ENABLE_MODULE_VERIFIER = NO;
				GENERATE_INFOPLIST_FILE = YES;
				INFOPLIST_KEY_NSHumanReadableCopyright = "";
				INSTALL_PATH = "$(LOCAL_LIBRARY_DIR)/Frameworks";
				LD_RUNPATH_SEARCH_PATHS = (
					"$(inherited)",
					"@executable_path/../Frameworks",
					"@loader_path/Frameworks",
				);
				MARKETING_VERSION = 1.0;
				MODULE_VERIFIER_SUPPORTED_LANGUAGES = "objective-c objective-c++";
				MODULE_VERIFIER_SUPPORTED_LANGUAGE_STANDARDS = "gnu17 gnu++20";
				PRODUCT_BUNDLE_IDENTIFIER = com.nikola.EssentialFeed;
				PRODUCT_NAME = "$(TARGET_NAME:c99extidentifier)";
				SKIP_INSTALL = YES;
				SUPPORTED_PLATFORMS = "macosx iphoneos iphonesimulator";
				SWIFT_EMIT_LOC_STRINGS = YES;
				SWIFT_VERSION = 5.0;
			};
			name = Release;
		};
		4CF172A22C6E5920002FAEE9 /* Debug */ = {
			isa = XCBuildConfiguration;
			buildSettings = {
				CODE_SIGN_STYLE = Automatic;
				CURRENT_PROJECT_VERSION = 1;
				DEVELOPMENT_TEAM = 76YKNW8C9R;
				GENERATE_INFOPLIST_FILE = YES;
				MARKETING_VERSION = 1.0;
				PRODUCT_BUNDLE_IDENTIFIER = com.nikola.EssentialFeedTests;
				PRODUCT_NAME = "$(TARGET_NAME)";
				SUPPORTED_PLATFORMS = "macosx iphoneos iphonesimulator";
				SWIFT_EMIT_LOC_STRINGS = NO;
				SWIFT_VERSION = 5.0;
			};
			name = Debug;
		};
		4CF172A32C6E5920002FAEE9 /* Release */ = {
			isa = XCBuildConfiguration;
			buildSettings = {
				CODE_SIGN_STYLE = Automatic;
				CURRENT_PROJECT_VERSION = 1;
				DEVELOPMENT_TEAM = 76YKNW8C9R;
				GENERATE_INFOPLIST_FILE = YES;
				MARKETING_VERSION = 1.0;
				PRODUCT_BUNDLE_IDENTIFIER = com.nikola.EssentialFeedTests;
				PRODUCT_NAME = "$(TARGET_NAME)";
				SUPPORTED_PLATFORMS = "macosx iphoneos iphonesimulator";
				SWIFT_EMIT_LOC_STRINGS = NO;
				SWIFT_VERSION = 5.0;
			};
			name = Release;
		};
		4CF266C32D0F5383000FABD4 /* Debug */ = {
			isa = XCBuildConfiguration;
			buildSettings = {
				CODE_SIGN_STYLE = Automatic;
				CURRENT_PROJECT_VERSION = 1;
				DEVELOPMENT_TEAM = 76YKNW8C9R;
				GENERATE_INFOPLIST_FILE = YES;
				MACOSX_DEPLOYMENT_TARGET = 15.0;
				MARKETING_VERSION = 1.0;
				PRODUCT_BUNDLE_IDENTIFIER = com.nikola.EssentialFeedAPIEndToEndTests;
				PRODUCT_NAME = "$(TARGET_NAME)";
				SUPPORTED_PLATFORMS = "macosx iphoneos iphonesimulator";
				SWIFT_EMIT_LOC_STRINGS = NO;
				SWIFT_VERSION = 5.0;
			};
			name = Debug;
		};
		4CF266C42D0F5383000FABD4 /* Release */ = {
			isa = XCBuildConfiguration;
			buildSettings = {
				CODE_SIGN_STYLE = Automatic;
				CURRENT_PROJECT_VERSION = 1;
				DEVELOPMENT_TEAM = 76YKNW8C9R;
				GENERATE_INFOPLIST_FILE = YES;
				MACOSX_DEPLOYMENT_TARGET = 15.0;
				MARKETING_VERSION = 1.0;
				PRODUCT_BUNDLE_IDENTIFIER = com.nikola.EssentialFeedAPIEndToEndTests;
				PRODUCT_NAME = "$(TARGET_NAME)";
				SUPPORTED_PLATFORMS = "macosx iphoneos iphonesimulator";
				SWIFT_EMIT_LOC_STRINGS = NO;
				SWIFT_VERSION = 5.0;
			};
			name = Release;
		};
/* End XCBuildConfiguration section */

/* Begin XCConfigurationList section */
		4C0E95D82DCD3EAB00FE5286 /* Build configuration list for PBXNativeTarget "EssentialFeedCacheIntegrationTests" */ = {
			isa = XCConfigurationList;
			buildConfigurations = (
				4C0E95D92DCD3EAB00FE5286 /* Debug */,
				4C0E95DA2DCD3EAB00FE5286 /* Release */,
			);
			defaultConfigurationIsVisible = 0;
			defaultConfigurationName = Release;
		};
		4CA427FC2E01E82400295A3A /* Build configuration list for PBXNativeTarget "EssentialFeediOS" */ = {
			isa = XCConfigurationList;
			buildConfigurations = (
				4CA427FD2E01E82400295A3A /* Debug */,
				4CA427FE2E01E82400295A3A /* Release */,
			);
			defaultConfigurationIsVisible = 0;
			defaultConfigurationName = Release;
		};
		4CA427FF2E01E82400295A3A /* Build configuration list for PBXNativeTarget "EssentialFeediOSTests" */ = {
			isa = XCConfigurationList;
			buildConfigurations = (
				4CA428002E01E82400295A3A /* Debug */,
				4CA428012E01E82400295A3A /* Release */,
			);
			defaultConfigurationIsVisible = 0;
			defaultConfigurationName = Release;
		};
		4CF172842C6E5920002FAEE9 /* Build configuration list for PBXProject "EssentialFeed" */ = {
			isa = XCConfigurationList;
			buildConfigurations = (
				4CF1729C2C6E5920002FAEE9 /* Debug */,
				4CF1729D2C6E5920002FAEE9 /* Release */,
			);
			defaultConfigurationIsVisible = 0;
			defaultConfigurationName = Release;
		};
		4CF1729E2C6E5920002FAEE9 /* Build configuration list for PBXNativeTarget "EssentialFeed" */ = {
			isa = XCConfigurationList;
			buildConfigurations = (
				4CF1729F2C6E5920002FAEE9 /* Debug */,
				4CF172A02C6E5920002FAEE9 /* Release */,
			);
			defaultConfigurationIsVisible = 0;
			defaultConfigurationName = Release;
		};
		4CF172A12C6E5920002FAEE9 /* Build configuration list for PBXNativeTarget "EssentialFeedTests" */ = {
			isa = XCConfigurationList;
			buildConfigurations = (
				4CF172A22C6E5920002FAEE9 /* Debug */,
				4CF172A32C6E5920002FAEE9 /* Release */,
			);
			defaultConfigurationIsVisible = 0;
			defaultConfigurationName = Release;
		};
		4CF266C52D0F5383000FABD4 /* Build configuration list for PBXNativeTarget "EssentialFeedAPIEndToEndTests" */ = {
			isa = XCConfigurationList;
			buildConfigurations = (
				4CF266C32D0F5383000FABD4 /* Debug */,
				4CF266C42D0F5383000FABD4 /* Release */,
			);
			defaultConfigurationIsVisible = 0;
			defaultConfigurationName = Release;
		};
/* End XCConfigurationList section */

/* Begin XCVersionGroup section */
		4CE260972DCBDDD500CACA90 /* FeedStore.xcdatamodeld */ = {
			isa = XCVersionGroup;
			children = (
				4CE260982DCBDDD500CACA90 /* FeedStore.xcdatamodel */,
			);
			currentVersion = 4CE260982DCBDDD500CACA90 /* FeedStore.xcdatamodel */;
			path = FeedStore.xcdatamodeld;
			sourceTree = "<group>";
			versionGroupType = wrapper.xcdatamodel;
		};
/* End XCVersionGroup section */
	};
	rootObject = 4CF172812C6E5920002FAEE9 /* Project object */;
}
